
Microsoft Visual Studio Solution File, Format Version 12.00
# Visual Studio 15
VisualStudioVersion = 15.0.28307.421
MinimumVisualStudioVersion = 10.0.40219.1
Project("{FAE04EC0-301F-11D3-BF4B-00C04F79EFBC}") = "Lesson9Examples", "Lesson9Examples\Lesson9Examples.csproj", "{9C6090E0-649D-4B48-A8BB-E9ED5A404BB5}"
EndProject
Global
	GlobalSection(SolutionConfigurationPlatforms) = preSolution
		Debug|Any CPU = Debug|Any CPU
		Release|Any CPU = Release|Any CPU
	EndGlobalSection
	GlobalSection(ProjectConfigurationPlatforms) = postSolution
		{9C6090E0-649D-4B48-A8BB-E9ED5A404BB5}.Debug|Any CPU.ActiveCfg = Debug|Any CPU
		{9C6090E0-649D-4B48-A8BB-E9ED5A404BB5}.Debug|Any CPU.Build.0 = Debug|Any CPU
		{9C6090E0-649D-4B48-A8BB-E9ED5A404BB5}.Release|Any CPU.ActiveCfg = Release|Any CPU
		{9C6090E0-649D-4B48-A8BB-E9ED5A404BB5}.Release|Any CPU.Build.0 = Release|Any CPU
	EndGlobalSection
	GlobalSection(SolutionProperties) = preSolution
		HideSolutionNode = FALSE
	EndGlobalSection
	GlobalSection(ExtensibilityGlobals) = postSolution
		SolutionGuid = {24050C2C-0027-49C4-AEE8-7A023C08C8C3}
	EndGlobalSection
EndGlobal
